
Microsoft Visual Studio Solution File, Format Version 12.00
# Visual Studio Version 17
VisualStudioVersion = 17.13.35913.81 d17.13
MinimumVisualStudioVersion = 10.0.40219.1
Project("{FAE04EC0-301F-11D3-BF4B-00C04F79EFBC}") = "AppMediaTek86", "AppMediaTek86\AppMediaTek86.csproj", "{67E20CC7-FE90-47F8-9D77-6B10A81A5D98}"
EndProject
Global
	GlobalSection(SolutionConfigurationPlatforms) = preSolution
		Debug|Any CPU = Debug|Any CPU
		Release|Any CPU = Release|Any CPU
	EndGlobalSection
	GlobalSection(ProjectConfigurationPlatforms) = postSolution
		{67E20CC7-FE90-47F8-9D77-6B10A81A5D98}.Debug|Any CPU.ActiveCfg = Debug|Any CPU
		{67E20CC7-FE90-47F8-9D77-6B10A81A5D98}.Debug|Any CPU.Build.0 = Debug|Any CPU
		{67E20CC7-FE90-47F8-9D77-6B10A81A5D98}.Release|Any CPU.ActiveCfg = Release|Any CPU
		{67E20CC7-FE90-47F8-9D77-6B10A81A5D98}.Release|Any CPU.Build.0 = Release|Any CPU
	EndGlobalSection
	GlobalSection(SolutionProperties) = preSolution
		HideSolutionNode = FALSE
	EndGlobalSection
	GlobalSection(ExtensibilityGlobals) = postSolution
		SolutionGuid = {256C5FA4-3EA9-48B1-90BA-EB5837129C23}
	EndGlobalSection
EndGlobal
